// !$*UTF8*$!
{
	archiveVersion = 1;
	classes = {
	};
	objectVersion = 56;
	objects = {

/* Begin PBXBuildFile section */
		76283CF42A73F86B00DC10C0 /* LandmarksApp.swift in Sources */ = {isa = PBXBuildFile; fileRef = 76283CF32A73F86B00DC10C0 /* LandmarksApp.swift */; };
		76283CF62A73F86B00DC10C0 /* ContentView.swift in Sources */ = {isa = PBXBuildFile; fileRef = 76283CF52A73F86B00DC10C0 /* ContentView.swift */; };
		76283CF82A73F86C00DC10C0 /* Assets.xcassets in Resources */ = {isa = PBXBuildFile; fileRef = 76283CF72A73F86C00DC10C0 /* Assets.xcassets */; };
		76283CFB2A73F86C00DC10C0 /* Preview Assets.xcassets in Resources */ = {isa = PBXBuildFile; fileRef = 76283CFA2A73F86C00DC10C0 /* Preview Assets.xcassets */; };
		76283D022A7400D400DC10C0 /* CircleImage.swift in Sources */ = {isa = PBXBuildFile; fileRef = 76283D012A7400D400DC10C0 /* CircleImage.swift */; };
		76283D042A74017000DC10C0 /* MapView.swift in Sources */ = {isa = PBXBuildFile; fileRef = 76283D032A74017000DC10C0 /* MapView.swift */; };
		76283D062A740ADE00DC10C0 /* landmarkData.json in Resources */ = {isa = PBXBuildFile; fileRef = 76283D052A740ADE00DC10C0 /* landmarkData.json */; };
		76283D082A740B0A00DC10C0 /* Landmark.swift in Sources */ = {isa = PBXBuildFile; fileRef = 76283D072A740B0A00DC10C0 /* Landmark.swift */; };
		76283D0A2A740C3000DC10C0 /* ModelData.swift in Sources */ = {isa = PBXBuildFile; fileRef = 76283D092A740C3000DC10C0 /* ModelData.swift */; };
		765CC5CD2A7543D900DCD118 /* LandmarkRow.swift in Sources */ = {isa = PBXBuildFile; fileRef = 765CC5CC2A7543D900DCD118 /* LandmarkRow.swift */; };
		76663CC72A77CFAE00555814 /* LandmarkList.swift in Sources */ = {isa = PBXBuildFile; fileRef = 76663CC62A77CFAE00555814 /* LandmarkList.swift */; };
		76663CCB2A77D0CB00555814 /* LandmarkDetail.swift in Sources */ = {isa = PBXBuildFile; fileRef = 76663CCA2A77D0CB00555814 /* LandmarkDetail.swift */; };
		76663CCD2A784B8500555814 /* FavoriteButton.swift in Sources */ = {isa = PBXBuildFile; fileRef = 76663CCC2A784B8500555814 /* FavoriteButton.swift */; };
/* End PBXBuildFile section */

/* Begin PBXFileReference section */
		76283CF02A73F86B00DC10C0 /* Landmarks.app */ = {isa = PBXFileReference; explicitFileType = wrapper.application; includeInIndex = 0; path = Landmarks.app; sourceTree = BUILT_PRODUCTS_DIR; };
		76283CF32A73F86B00DC10C0 /* LandmarksApp.swift */ = {isa = PBXFileReference; lastKnownFileType = sourcecode.swift; path = LandmarksApp.swift; sourceTree = "<group>"; };
		76283CF52A73F86B00DC10C0 /* ContentView.swift */ = {isa = PBXFileReference; lastKnownFileType = sourcecode.swift; path = ContentView.swift; sourceTree = "<group>"; };
		76283CF72A73F86C00DC10C0 /* Assets.xcassets */ = {isa = PBXFileReference; lastKnownFileType = folder.assetcatalog; path = Assets.xcassets; sourceTree = "<group>"; };
		76283CFA2A73F86C00DC10C0 /* Preview Assets.xcassets */ = {isa = PBXFileReference; lastKnownFileType = folder.assetcatalog; path = "Preview Assets.xcassets"; sourceTree = "<group>"; };
		76283D012A7400D400DC10C0 /* CircleImage.swift */ = {isa = PBXFileReference; lastKnownFileType = sourcecode.swift; path = CircleImage.swift; sourceTree = "<group>"; };
		76283D032A74017000DC10C0 /* MapView.swift */ = {isa = PBXFileReference; lastKnownFileType = sourcecode.swift; path = MapView.swift; sourceTree = "<group>"; };
		76283D052A740ADE00DC10C0 /* landmarkData.json */ = {isa = PBXFileReference; fileEncoding = 4; lastKnownFileType = text.json; path = landmarkData.json; sourceTree = "<group>"; };
		76283D072A740B0A00DC10C0 /* Landmark.swift */ = {isa = PBXFileReference; lastKnownFileType = sourcecode.swift; path = Landmark.swift; sourceTree = "<group>"; };
		76283D092A740C3000DC10C0 /* ModelData.swift */ = {isa = PBXFileReference; lastKnownFileType = sourcecode.swift; path = ModelData.swift; sourceTree = "<group>"; };
		765CC5CC2A7543D900DCD118 /* LandmarkRow.swift */ = {isa = PBXFileReference; lastKnownFileType = sourcecode.swift; path = LandmarkRow.swift; sourceTree = "<group>"; };
		76663CC62A77CFAE00555814 /* LandmarkList.swift */ = {isa = PBXFileReference; lastKnownFileType = sourcecode.swift; path = LandmarkList.swift; sourceTree = "<group>"; };
		76663CCA2A77D0CB00555814 /* LandmarkDetail.swift */ = {isa = PBXFileReference; lastKnownFileType = sourcecode.swift; path = LandmarkDetail.swift; sourceTree = "<group>"; };
		76663CCC2A784B8500555814 /* FavoriteButton.swift */ = {isa = PBXFileReference; lastKnownFileType = sourcecode.swift; path = FavoriteButton.swift; sourceTree = "<group>"; };
/* End PBXFileReference section */

/* Begin PBXFrameworksBuildPhase section */
		76283CED2A73F86B00DC10C0 /* Frameworks */ = {
			isa = PBXFrameworksBuildPhase;
			buildActionMask = 2147483647;
			files = (
			);
			runOnlyForDeploymentPostprocessing = 0;
		};
/* End PBXFrameworksBuildPhase section */

/* Begin PBXGroup section */
		76283CE72A73F86B00DC10C0 = {
			isa = PBXGroup;
			children = (
				76283CF22A73F86B00DC10C0 /* Landmarks */,
				76283CF12A73F86B00DC10C0 /* Products */,
			);
			sourceTree = "<group>";
		};
		76283CF12A73F86B00DC10C0 /* Products */ = {
			isa = PBXGroup;
			children = (
				76283CF02A73F86B00DC10C0 /* Landmarks.app */,
			);
			name = Products;
			sourceTree = "<group>";
		};
		76283CF22A73F86B00DC10C0 /* Landmarks */ = {
			isa = PBXGroup;
			children = (
				76283CF32A73F86B00DC10C0 /* LandmarksApp.swift */,
				76283D0C2A740CCC00DC10C0 /* Views */,
				76283D0B2A740CB300DC10C0 /* Model */,
				76283CF72A73F86C00DC10C0 /* Assets.xcassets */,
				76283CF92A73F86C00DC10C0 /* Preview Content */,
				76283D0E2A740CF600DC10C0 /* Resources */,
			);
			path = Landmarks;
			sourceTree = "<group>";
		};
		76283CF92A73F86C00DC10C0 /* Preview Content */ = {
			isa = PBXGroup;
			children = (
				76283CFA2A73F86C00DC10C0 /* Preview Assets.xcassets */,
			);
			path = "Preview Content";
			sourceTree = "<group>";
		};
		76283D0B2A740CB300DC10C0 /* Model */ = {
			isa = PBXGroup;
			children = (
				76283D072A740B0A00DC10C0 /* Landmark.swift */,
				76283D092A740C3000DC10C0 /* ModelData.swift */,
			);
			path = Model;
			sourceTree = "<group>";
		};
		76283D0C2A740CCC00DC10C0 /* Views */ = {
			isa = PBXGroup;
			children = (
				76283CF52A73F86B00DC10C0 /* ContentView.swift */,
				76663CCE2A784BE800555814 /* Helpers */,
				76663CCF2A784BF800555814 /* Landmarks */,
			);
			path = Views;
			sourceTree = "<group>";
		};
		76283D0E2A740CF600DC10C0 /* Resources */ = {
			isa = PBXGroup;
			children = (
				76283D052A740ADE00DC10C0 /* landmarkData.json */,
			);
			path = Resources;
			sourceTree = "<group>";
		};
		76663CCE2A784BE800555814 /* Helpers */ = {
			isa = PBXGroup;
			children = (
				76283D012A7400D400DC10C0 /* CircleImage.swift */,
				76283D032A74017000DC10C0 /* MapView.swift */,
				76663CCC2A784B8500555814 /* FavoriteButton.swift */,
			);
			path = Helpers;
			sourceTree = "<group>";
		};
		76663CCF2A784BF800555814 /* Landmarks */ = {
			isa = PBXGroup;
			children = (
				765CC5CC2A7543D900DCD118 /* LandmarkRow.swift */,
				76663CC62A77CFAE00555814 /* LandmarkList.swift */,
				76663CCA2A77D0CB00555814 /* LandmarkDetail.swift */,
			);
			path = Landmarks;
			sourceTree = "<group>";
		};
/* End PBXGroup section */

/* Begin PBXNativeTarget section */
		76283CEF2A73F86B00DC10C0 /* Landmarks */ = {
			isa = PBXNativeTarget;
			buildConfigurationList = 76283CFE2A73F86C00DC10C0 /* Build configuration list for PBXNativeTarget "Landmarks" */;
			buildPhases = (
				76283CEC2A73F86B00DC10C0 /* Sources */,
				76283CED2A73F86B00DC10C0 /* Frameworks */,
				76283CEE2A73F86B00DC10C0 /* Resources */,
			);
			buildRules = (
			);
			dependencies = (
			);
			name = Landmarks;
			productName = Landmarks;
			productReference = 76283CF02A73F86B00DC10C0 /* Landmarks.app */;
			productType = "com.apple.product-type.application";
		};
/* End PBXNativeTarget section */

/* Begin PBXProject section */
		76283CE82A73F86B00DC10C0 /* Project object */ = {
			isa = PBXProject;
			attributes = {
				BuildIndependentTargetsInParallel = 1;
				LastSwiftUpdateCheck = 1430;
				LastUpgradeCheck = 1430;
				TargetAttributes = {
					76283CEF2A73F86B00DC10C0 = {
						CreatedOnToolsVersion = 14.3.1;
					};
				};
			};
			buildConfigurationList = 76283CEB2A73F86B00DC10C0 /* Build configuration list for PBXProject "Landmarks" */;
			compatibilityVersion = "Xcode 14.0";
			developmentRegion = en;
			hasScannedForEncodings = 0;
			knownRegions = (
				en,
				Base,
			);
			mainGroup = 76283CE72A73F86B00DC10C0;
			productRefGroup = 76283CF12A73F86B00DC10C0 /* Products */;
			projectDirPath = "";
			projectRoot = "";
			targets = (
				76283CEF2A73F86B00DC10C0 /* Landmarks */,
			);
		};
/* End PBXProject section */

/* Begin PBXResourcesBuildPhase section */
		76283CEE2A73F86B00DC10C0 /* Resources */ = {
			isa = PBXResourcesBuildPhase;
			buildActionMask = 2147483647;
			files = (
				76283CFB2A73F86C00DC10C0 /* Preview Assets.xcassets in Resources */,
				76283CF82A73F86C00DC10C0 /* Assets.xcassets in Resources */,
				76283D062A740ADE00DC10C0 /* landmarkData.json in Resources */,
			);
			runOnlyForDeploymentPostprocessing = 0;
		};
/* End PBXResourcesBuildPhase section */

/* Begin PBXSourcesBuildPhase section */
		76283CEC2A73F86B00DC10C0 /* Sources */ = {
			isa = PBXSourcesBuildPhase;
			buildActionMask = 2147483647;
			files = (
				76283CF62A73F86B00DC10C0 /* ContentView.swift in Sources */,
				76283D042A74017000DC10C0 /* MapView.swift in Sources */,
				76283CF42A73F86B00DC10C0 /* LandmarksApp.swift in Sources */,
				76663CCD2A784B8500555814 /* FavoriteButton.swift in Sources */,
				76663CC72A77CFAE00555814 /* LandmarkList.swift in Sources */,
				76663CCB2A77D0CB00555814 /* LandmarkDetail.swift in Sources */,
				76283D022A7400D400DC10C0 /* CircleImage.swift in Sources */,
				76283D082A740B0A00DC10C0 /* Landmark.swift in Sources */,
				765CC5CD2A7543D900DCD118 /* LandmarkRow.swift in Sources */,
				76283D0A2A740C3000DC10C0 /* ModelData.swift in Sources */,
			);
			runOnlyForDeploymentPostprocessing = 0;
		};
/* End PBXSourcesBuildPhase section */

/* Begin XCBuildConfiguration section */
		76283CFC2A73F86C00DC10C0 /* Debug */ = {
			isa = XCBuildConfiguration;
			buildSettings = {
				ALWAYS_SEARCH_USER_PATHS = NO;
				CLANG_ANALYZER_NONNULL = YES;
				CLANG_ANALYZER_NUMBER_OBJECT_CONVERSION = YES_AGGRESSIVE;
				CLANG_CXX_LANGUAGE_STANDARD = "gnu++20";
				CLANG_ENABLE_MODULES = YES;
				CLANG_ENABLE_OBJC_ARC = YES;
				CLANG_ENABLE_OBJC_WEAK = YES;
				CLANG_WARN_BLOCK_CAPTURE_AUTORELEASING = YES;
				CLANG_WARN_BOOL_CONVERSION = YES;
				CLANG_WARN_COMMA = YES;
				CLANG_WARN_CONSTANT_CONVERSION = YES;
				CLANG_WARN_DEPRECATED_OBJC_IMPLEMENTATIONS = YES;
				CLANG_WARN_DIRECT_OBJC_ISA_USAGE = YES_ERROR;
				CLANG_WARN_DOCUMENTATION_COMMENTS = YES;
				CLANG_WARN_EMPTY_BODY = YES;
				CLANG_WARN_ENUM_CONVERSION = YES;
				CLANG_WARN_INFINITE_RECURSION = YES;
				CLANG_WARN_INT_CONVERSION = YES;
				CLANG_WARN_NON_LITERAL_NULL_CONVERSION = YES;
				CLANG_WARN_OBJC_IMPLICIT_RETAIN_SELF = YES;
				CLANG_WARN_OBJC_LITERAL_CONVERSION = YES;
				CLANG_WARN_OBJC_ROOT_CLASS = YES_ERROR;
				CLANG_WARN_QUOTED_INCLUDE_IN_FRAMEWORK_HEADER = YES;
				CLANG_WARN_RANGE_LOOP_ANALYSIS = YES;
				CLANG_WARN_STRICT_PROTOTYPES = YES;
				CLANG_WARN_SUSPICIOUS_MOVE = YES;
				CLANG_WARN_UNGUARDED_AVAILABILITY = YES_AGGRESSIVE;
				CLANG_WARN_UNREACHABLE_CODE = YES;
				CLANG_WARN__DUPLICATE_METHOD_MATCH = YES;
				COPY_PHASE_STRIP = NO;
				DEBUG_INFORMATION_FORMAT = dwarf;
				ENABLE_STRICT_OBJC_MSGSEND = YES;
				ENABLE_TESTABILITY = YES;
				GCC_C_LANGUAGE_STANDARD = gnu11;
				GCC_DYNAMIC_NO_PIC = NO;
				GCC_NO_COMMON_BLOCKS = YES;
				GCC_OPTIMIZATION_LEVEL = 0;
				GCC_PREPROCESSOR_DEFINITIONS = (
					"DEBUG=1",
					"$(inherited)",
				);
				GCC_WARN_64_TO_32_BIT_CONVERSION = YES;
				GCC_WARN_ABOUT_RETURN_TYPE = YES_ERROR;
				GCC_WARN_UNDECLARED_SELECTOR = YES;
				GCC_WARN_UNINITIALIZED_AUTOS = YES_AGGRESSIVE;
				GCC_WARN_UNUSED_FUNCTION = YES;
				GCC_WARN_UNUSED_VARIABLE = YES;
				IPHONEOS_DEPLOYMENT_TARGET = 16.4;
				MTL_ENABLE_DEBUG_INFO = INCLUDE_SOURCE;
				MTL_FAST_MATH = YES;
				ONLY_ACTIVE_ARCH = YES;
				SDKROOT = iphoneos;
				SWIFT_ACTIVE_COMPILATION_CONDITIONS = DEBUG;
				SWIFT_OPTIMIZATION_LEVEL = "-Onone";
			};
			name = Debug;
		};
		76283CFD2A73F86C00DC10C0 /* Release */ = {
			isa = XCBuildConfiguration;
			buildSettings = {
				ALWAYS_SEARCH_USER_PATHS = NO;
				CLANG_ANALYZER_NONNULL = YES;
				CLANG_ANALYZER_NUMBER_OBJECT_CONVERSION = YES_AGGRESSIVE;
				CLANG_CXX_LANGUAGE_STANDARD = "gnu++20";
				CLANG_ENABLE_MODULES = YES;
				CLANG_ENABLE_OBJC_ARC = YES;
				CLANG_ENABLE_OBJC_WEAK = YES;
				CLANG_WARN_BLOCK_CAPTURE_AUTORELEASING = YES;
				CLANG_WARN_BOOL_CONVERSION = YES;
				CLANG_WARN_COMMA = YES;
				CLANG_WARN_CONSTANT_CONVERSION = YES;
				CLANG_WARN_DEPRECATED_OBJC_IMPLEMENTATIONS = YES;
				CLANG_WARN_DIRECT_OBJC_ISA_USAGE = YES_ERROR;
				CLANG_WARN_DOCUMENTATION_COMMENTS = YES;
				CLANG_WARN_EMPTY_BODY = YES;
				CLANG_WARN_ENUM_CONVERSION = YES;
				CLANG_WARN_INFINITE_RECURSION = YES;
				CLANG_WARN_INT_CONVERSION = YES;
				CLANG_WARN_NON_LITERAL_NULL_CONVERSION = YES;
				CLANG_WARN_OBJC_IMPLICIT_RETAIN_SELF = YES;
				CLANG_WARN_OBJC_LITERAL_CONVERSION = YES;
				CLANG_WARN_OBJC_ROOT_CLASS = YES_ERROR;
				CLANG_WARN_QUOTED_INCLUDE_IN_FRAMEWORK_HEADER = YES;
				CLANG_WARN_RANGE_LOOP_ANALYSIS = YES;
				CLANG_WARN_STRICT_PROTOTYPES = YES;
				CLANG_WARN_SUSPICIOUS_MOVE = YES;
				CLANG_WARN_UNGUARDED_AVAILABILITY = YES_AGGRESSIVE;
				CLANG_WARN_UNREACHABLE_CODE = YES;
				CLANG_WARN__DUPLICATE_METHOD_MATCH = YES;
				COPY_PHASE_STRIP = NO;
				DEBUG_INFORMATION_FORMAT = "dwarf-with-dsym";
				ENABLE_NS_ASSERTIONS = NO;
				ENABLE_STRICT_OBJC_MSGSEND = YES;
				GCC_C_LANGUAGE_STANDARD = gnu11;
				GCC_NO_COMMON_BLOCKS = YES;
				GCC_WARN_64_TO_32_BIT_CONVERSION = YES;
				GCC_WARN_ABOUT_RETURN_TYPE = YES_ERROR;
				GCC_WARN_UNDECLARED_SELECTOR = YES;
				GCC_WARN_UNINITIALIZED_AUTOS = YES_AGGRESSIVE;
				GCC_WARN_UNUSED_FUNCTION = YES;
				GCC_WARN_UNUSED_VARIABLE = YES;
				IPHONEOS_DEPLOYMENT_TARGET = 16.4;
				MTL_ENABLE_DEBUG_INFO = NO;
				MTL_FAST_MATH = YES;
				SDKROOT = iphoneos;
				SWIFT_COMPILATION_MODE = wholemodule;
				SWIFT_OPTIMIZATION_LEVEL = "-O";
				VALIDATE_PRODUCT = YES;
			};
			name = Release;
		};
		76283CFF2A73F86C00DC10C0 /* Debug */ = {
			isa = XCBuildConfiguration;
			buildSettings = {
				ASSETCATALOG_COMPILER_APPICON_NAME = AppIcon;
				ASSETCATALOG_COMPILER_GLOBAL_ACCENT_COLOR_NAME = AccentColor;
				CODE_SIGN_STYLE = Automatic;
				CURRENT_PROJECT_VERSION = 1;
				DEVELOPMENT_ASSET_PATHS = "\"Landmarks/Preview Content\"";
				DEVELOPMENT_TEAM = W8974D23AK;
				ENABLE_PREVIEWS = YES;
				GENERATE_INFOPLIST_FILE = YES;
				INFOPLIST_KEY_UIApplicationSceneManifest_Generation = YES;
				INFOPLIST_KEY_UIApplicationSupportsIndirectInputEvents = YES;
				INFOPLIST_KEY_UILaunchScreen_Generation = YES;
				INFOPLIST_KEY_UISupportedInterfaceOrientations_iPad = "UIInterfaceOrientationPortrait UIInterfaceOrientationPortraitUpsideDown UIInterfaceOrientationLandscapeLeft UIInterfaceOrientationLandscapeRight";
				INFOPLIST_KEY_UISupportedInterfaceOrientations_iPhone = "UIInterfaceOrientationPortrait UIInterfaceOrientationLandscapeLeft UIInterfaceOrientationLandscapeRight";
				LD_RUNPATH_SEARCH_PATHS = (
					"$(inherited)",
					"@executable_path/Frameworks",
				);
				MARKETING_VERSION = 1.0;
				PRODUCT_BUNDLE_IDENTIFIER = matt54633.Landmarks;
				PRODUCT_NAME = "$(TARGET_NAME)";
				SWIFT_EMIT_LOC_STRINGS = YES;
				SWIFT_VERSION = 5.0;
				TARGETED_DEVICE_FAMILY = "1,2";
			};
			name = Debug;
		};
		76283D002A73F86C00DC10C0 /* Release */ = {
			isa = XCBuildConfiguration;
			buildSettings = {
				ASSETCATALOG_COMPILER_APPICON_NAME = AppIcon;
				ASSETCATALOG_COMPILER_GLOBAL_ACCENT_COLOR_NAME = AccentColor;
				CODE_SIGN_STYLE = Automatic;
				CURRENT_PROJECT_VERSION = 1;
				DEVELOPMENT_ASSET_PATHS = "\"Landmarks/Preview Content\"";
				DEVELOPMENT_TEAM = W8974D23AK;
				ENABLE_PREVIEWS = YES;
				GENERATE_INFOPLIST_FILE = YES;
				INFOPLIST_KEY_UIApplicationSceneManifest_Generation = YES;
				INFOPLIST_KEY_UIApplicationSupportsIndirectInputEvents = YES;
				INFOPLIST_KEY_UILaunchScreen_Generation = YES;
				INFOPLIST_KEY_UISupportedInterfaceOrientations_iPad = "UIInterfaceOrientationPortrait UIInterfaceOrientationPortraitUpsideDown UIInterfaceOrientationLandscapeLeft UIInterfaceOrientationLandscapeRight";
				INFOPLIST_KEY_UISupportedInterfaceOrientations_iPhone = "UIInterfaceOrientationPortrait UIInterfaceOrientationLandscapeLeft UIInterfaceOrientationLandscapeRight";
				LD_RUNPATH_SEARCH_PATHS = (
					"$(inherited)",
					"@executable_path/Frameworks",
				);
				MARKETING_VERSION = 1.0;
				PRODUCT_BUNDLE_IDENTIFIER = matt54633.Landmarks;
				PRODUCT_NAME = "$(TARGET_NAME)";
				SWIFT_EMIT_LOC_STRINGS = YES;
				SWIFT_VERSION = 5.0;
				TARGETED_DEVICE_FAMILY = "1,2";
			};
			name = Release;
		};
/* End XCBuildConfiguration section */

/* Begin XCConfigurationList section */
		76283CEB2A73F86B00DC10C0 /* Build configuration list for PBXProject "Landmarks" */ = {
			isa = XCConfigurationList;
			buildConfigurations = (
				76283CFC2A73F86C00DC10C0 /* Debug */,
				76283CFD2A73F86C00DC10C0 /* Release */,
			);
			defaultConfigurationIsVisible = 0;
			defaultConfigurationName = Release;
		};
		76283CFE2A73F86C00DC10C0 /* Build configuration list for PBXNativeTarget "Landmarks" */ = {
			isa = XCConfigurationList;
			buildConfigurations = (
				76283CFF2A73F86C00DC10C0 /* Debug */,
				76283D002A73F86C00DC10C0 /* Release */,
			);
			defaultConfigurationIsVisible = 0;
			defaultConfigurationName = Release;
		};
/* End XCConfigurationList section */
	};
	rootObject = 76283CE82A73F86B00DC10C0 /* Project object */;
}
